
Microsoft Visual Studio Solution File, Format Version 12.00
# Visual Studio Version 17
VisualStudioVersion = 17.8.34511.84
MinimumVisualStudioVersion = 10.0.40219.1
Project("{9A19103F-16F7-4668-BE54-9A1E7A4F7556}") = "WhiteLagoon.Web", "WhiteLagoon.Web\WhiteLagoon.Web.csproj", "{BCE7B303-A8EE-46D9-955F-6F8936723C5A}"
EndProject
Project("{9A19103F-16F7-4668-BE54-9A1E7A4F7556}") = "WhiteLagoon.Application", "WhiteLagoon.Application\WhiteLagoon.Application.csproj", "{924FD656-EC7E-49EC-9183-6A624DE95402}"
EndProject
Project("{9A19103F-16F7-4668-BE54-9A1E7A4F7556}") = "WhiteLagoon.Domain", "WhiteLagoon.Domain\WhiteLagoon.Domain.csproj", "{0908FF46-FD06-4DB8-BADB-A87F0453185A}"
EndProject
Project("{9A19103F-16F7-4668-BE54-9A1E7A4F7556}") = "WhiteLagoon.Infrastructure", "WhiteLagoon.Infrastructure\WhiteLagoon.Infrastructure.csproj", "{83A0597E-6F61-449A-AA62-8C65089474B6}"
EndProject
Project("{2150E333-8FDC-42A3-9474-1A3956D46DE8}") = "Solution Items", "Solution Items", "{A15B94F3-73E0-4899-AC3A-7E39A767654C}"
	ProjectSection(SolutionItems) = preProject
		General Commands.txt = General Commands.txt
		Identity Support.txt = Identity Support.txt
		Stripe Support.txt = Stripe Support.txt
	EndProjectSection
EndProject
Global
	GlobalSection(SolutionConfigurationPlatforms) = preSolution
		Debug|Any CPU = Debug|Any CPU
		Release|Any CPU = Release|Any CPU
	EndGlobalSection
	GlobalSection(ProjectConfigurationPlatforms) = postSolution
		{BCE7B303-A8EE-46D9-955F-6F8936723C5A}.Debug|Any CPU.ActiveCfg = Debug|Any CPU
		{BCE7B303-A8EE-46D9-955F-6F8936723C5A}.Debug|Any CPU.Build.0 = Debug|Any CPU
		{BCE7B303-A8EE-46D9-955F-6F8936723C5A}.Release|Any CPU.ActiveCfg = Release|Any CPU
		{BCE7B303-A8EE-46D9-955F-6F8936723C5A}.Release|Any CPU.Build.0 = Release|Any CPU
		{924FD656-EC7E-49EC-9183-6A624DE95402}.Debug|Any CPU.ActiveCfg = Debug|Any CPU
		{924FD656-EC7E-49EC-9183-6A624DE95402}.Debug|Any CPU.Build.0 = Debug|Any CPU
		{924FD656-EC7E-49EC-9183-6A624DE95402}.Release|Any CPU.ActiveCfg = Release|Any CPU
		{924FD656-EC7E-49EC-9183-6A624DE95402}.Release|Any CPU.Build.0 = Release|Any CPU
		{0908FF46-FD06-4DB8-BADB-A87F0453185A}.Debug|Any CPU.ActiveCfg = Debug|Any CPU
		{0908FF46-FD06-4DB8-BADB-A87F0453185A}.Debug|Any CPU.Build.0 = Debug|Any CPU
		{0908FF46-FD06-4DB8-BADB-A87F0453185A}.Release|Any CPU.ActiveCfg = Release|Any CPU
		{0908FF46-FD06-4DB8-BADB-A87F0453185A}.Release|Any CPU.Build.0 = Release|Any CPU
		{83A0597E-6F61-449A-AA62-8C65089474B6}.Debug|Any CPU.ActiveCfg = Debug|Any CPU
		{83A0597E-6F61-449A-AA62-8C65089474B6}.Debug|Any CPU.Build.0 = Debug|Any CPU
		{83A0597E-6F61-449A-AA62-8C65089474B6}.Release|Any CPU.ActiveCfg = Release|Any CPU
		{83A0597E-6F61-449A-AA62-8C65089474B6}.Release|Any CPU.Build.0 = Release|Any CPU
	EndGlobalSection
	GlobalSection(SolutionProperties) = preSolution
		HideSolutionNode = FALSE
	EndGlobalSection
	GlobalSection(ExtensibilityGlobals) = postSolution
		SolutionGuid = {22088128-348F-44E5-ABCC-4920CC0D0A2F}
	EndGlobalSection
EndGlobal
